
Microsoft Visual Studio Solution File, Format Version 12.00
# Visual Studio Version 17
VisualStudioVersion = 17.9.34728.123
MinimumVisualStudioVersion = 10.0.40219.1
Project("{888888A0-9F3D-457C-B088-3A5042F75D52}") = "PythonAutoGUI", "PythonAutoGUI\PythonAutoGUI.pyproj", "{76633C26-A270-4DDE-87A7-D9CC29B0B3D7}"
EndProject
Global
	GlobalSection(SolutionConfigurationPlatforms) = preSolution
		Debug|Any CPU = Debug|Any CPU
		Release|Any CPU = Release|Any CPU
	EndGlobalSection
	GlobalSection(ProjectConfigurationPlatforms) = postSolution
		{76633C26-A270-4DDE-87A7-D9CC29B0B3D7}.Debug|Any CPU.ActiveCfg = Debug|Any CPU
		{76633C26-A270-4DDE-87A7-D9CC29B0B3D7}.Release|Any CPU.ActiveCfg = Release|Any CPU
	EndGlobalSection
	GlobalSection(SolutionProperties) = preSolution
		HideSolutionNode = FALSE
	EndGlobalSection
	GlobalSection(ExtensibilityGlobals) = postSolution
		SolutionGuid = {D217BD79-53A4-477B-AD80-46CA56A3F874}
	EndGlobalSection
EndGlobal
